// !$*UTF8*$!
{
	archiveVersion = 1;
	classes = {
	};
	objectVersion = 55;
	objects = {

/* Begin PBXBuildFile section */
		281252B927C3480C00DEB704 /* DetailViewController.swift in Sources */ = {isa = PBXBuildFile; fileRef = 281252B827C3480C00DEB704 /* DetailViewController.swift */; };
		281252BD27C37A5B00DEB704 /* DetailViewController.xib in Resources */ = {isa = PBXBuildFile; fileRef = 281252BB27C37A5B00DEB704 /* DetailViewController.xib */; };
		283A3AE827BE21560094E800 /* AppDelegate.swift in Sources */ = {isa = PBXBuildFile; fileRef = 283A3AE727BE21560094E800 /* AppDelegate.swift */; };
		283A3AEA27BE21560094E800 /* SceneDelegate.swift in Sources */ = {isa = PBXBuildFile; fileRef = 283A3AE927BE21560094E800 /* SceneDelegate.swift */; };
		283A3AEC27BE21560094E800 /* ViewController.swift in Sources */ = {isa = PBXBuildFile; fileRef = 283A3AEB27BE21560094E800 /* ViewController.swift */; };
		283A3AEF27BE21560094E800 /* Main.storyboard in Resources */ = {isa = PBXBuildFile; fileRef = 283A3AED27BE21560094E800 /* Main.storyboard */; };
		283A3AF127BE215A0094E800 /* Assets.xcassets in Resources */ = {isa = PBXBuildFile; fileRef = 283A3AF027BE215A0094E800 /* Assets.xcassets */; };
		283A3AF427BE215A0094E800 /* LaunchScreen.storyboard in Resources */ = {isa = PBXBuildFile; fileRef = 283A3AF227BE215A0094E800 /* LaunchScreen.storyboard */; };
		283A3B1327BE47B70094E800 /* ProfileViewController.swift in Sources */ = {isa = PBXBuildFile; fileRef = 283A3B1227BE47B70094E800 /* ProfileViewController.swift */; };
		283A3B1D27BE8DC00094E800 /* Manrope-Regular.ttf in Resources */ = {isa = PBXBuildFile; fileRef = 283A3B1627BE8DBF0094E800 /* Manrope-Regular.ttf */; };
		283A3B1E27BE8DC00094E800 /* Manrope-Medium.ttf in Resources */ = {isa = PBXBuildFile; fileRef = 283A3B1727BE8DBF0094E800 /* Manrope-Medium.ttf */; };
		283A3B1F27BE8DC00094E800 /* Manrope-Bold.ttf in Resources */ = {isa = PBXBuildFile; fileRef = 283A3B1827BE8DBF0094E800 /* Manrope-Bold.ttf */; };
		283A3B2327BE8DC00094E800 /* Manrope-ExtraBold.ttf in Resources */ = {isa = PBXBuildFile; fileRef = 283A3B1C27BE8DC00094E800 /* Manrope-ExtraBold.ttf */; };
		28D925B927C1497800AB228C /* WorkoutTableViewCell.swift in Sources */ = {isa = PBXBuildFile; fileRef = 28D925B727C1497700AB228C /* WorkoutTableViewCell.swift */; };
		28D925BA27C1497800AB228C /* WorkoutTableViewCell.xib in Resources */ = {isa = PBXBuildFile; fileRef = 28D925B827C1497700AB228C /* WorkoutTableViewCell.xib */; };
		28D925BD27C1569600AB228C /* DummyWorkout.swift in Sources */ = {isa = PBXBuildFile; fileRef = 28D925BC27C1569600AB228C /* DummyWorkout.swift */; };
		28D925BF27C156A700AB228C /* Workout.swift in Sources */ = {isa = PBXBuildFile; fileRef = 28D925BE27C156A700AB228C /* Workout.swift */; };
/* End PBXBuildFile section */

/* Begin PBXFileReference section */
		281252B827C3480C00DEB704 /* DetailViewController.swift */ = {isa = PBXFileReference; lastKnownFileType = sourcecode.swift; path = DetailViewController.swift; sourceTree = "<group>"; };
		281252BB27C37A5B00DEB704 /* DetailViewController.xib */ = {isa = PBXFileReference; lastKnownFileType = file.xib; path = DetailViewController.xib; sourceTree = "<group>"; };
		283A3AE427BE21560094E800 /* Hayuk.app */ = {isa = PBXFileReference; explicitFileType = wrapper.application; includeInIndex = 0; path = Hayuk.app; sourceTree = BUILT_PRODUCTS_DIR; };
		283A3AE727BE21560094E800 /* AppDelegate.swift */ = {isa = PBXFileReference; lastKnownFileType = sourcecode.swift; path = AppDelegate.swift; sourceTree = "<group>"; };
		283A3AE927BE21560094E800 /* SceneDelegate.swift */ = {isa = PBXFileReference; lastKnownFileType = sourcecode.swift; path = SceneDelegate.swift; sourceTree = "<group>"; };
		283A3AEB27BE21560094E800 /* ViewController.swift */ = {isa = PBXFileReference; lastKnownFileType = sourcecode.swift; path = ViewController.swift; sourceTree = "<group>"; };
		283A3AEE27BE21560094E800 /* Base */ = {isa = PBXFileReference; lastKnownFileType = file.storyboard; name = Base; path = Base.lproj/Main.storyboard; sourceTree = "<group>"; };
		283A3AF027BE215A0094E800 /* Assets.xcassets */ = {isa = PBXFileReference; lastKnownFileType = folder.assetcatalog; path = Assets.xcassets; sourceTree = "<group>"; };
		283A3AF327BE215A0094E800 /* Base */ = {isa = PBXFileReference; lastKnownFileType = file.storyboard; name = Base; path = Base.lproj/LaunchScreen.storyboard; sourceTree = "<group>"; };
		283A3AF527BE215A0094E800 /* Info.plist */ = {isa = PBXFileReference; lastKnownFileType = text.plist.xml; path = Info.plist; sourceTree = "<group>"; };
		283A3B1227BE47B70094E800 /* ProfileViewController.swift */ = {isa = PBXFileReference; lastKnownFileType = sourcecode.swift; path = ProfileViewController.swift; sourceTree = "<group>"; };
		283A3B1627BE8DBF0094E800 /* Manrope-Regular.ttf */ = {isa = PBXFileReference; lastKnownFileType = file; path = "Manrope-Regular.ttf"; sourceTree = "<group>"; };
		283A3B1727BE8DBF0094E800 /* Manrope-Medium.ttf */ = {isa = PBXFileReference; lastKnownFileType = file; path = "Manrope-Medium.ttf"; sourceTree = "<group>"; };
		283A3B1827BE8DBF0094E800 /* Manrope-Bold.ttf */ = {isa = PBXFileReference; lastKnownFileType = file; path = "Manrope-Bold.ttf"; sourceTree = "<group>"; };
		283A3B1C27BE8DC00094E800 /* Manrope-ExtraBold.ttf */ = {isa = PBXFileReference; lastKnownFileType = file; path = "Manrope-ExtraBold.ttf"; sourceTree = "<group>"; };
		28D925B727C1497700AB228C /* WorkoutTableViewCell.swift */ = {isa = PBXFileReference; lastKnownFileType = sourcecode.swift; path = WorkoutTableViewCell.swift; sourceTree = "<group>"; };
		28D925B827C1497700AB228C /* WorkoutTableViewCell.xib */ = {isa = PBXFileReference; lastKnownFileType = file.xib; path = WorkoutTableViewCell.xib; sourceTree = "<group>"; };
		28D925BC27C1569600AB228C /* DummyWorkout.swift */ = {isa = PBXFileReference; lastKnownFileType = sourcecode.swift; path = DummyWorkout.swift; sourceTree = "<group>"; };
		28D925BE27C156A700AB228C /* Workout.swift */ = {isa = PBXFileReference; lastKnownFileType = sourcecode.swift; path = Workout.swift; sourceTree = "<group>"; };
/* End PBXFileReference section */

/* Begin PBXFrameworksBuildPhase section */
		283A3AE127BE21560094E800 /* Frameworks */ = {
			isa = PBXFrameworksBuildPhase;
			buildActionMask = 2147483647;
			files = (
			);
			runOnlyForDeploymentPostprocessing = 0;
		};
/* End PBXFrameworksBuildPhase section */

/* Begin PBXGroup section */
		283A3ADB27BE21560094E800 = {
			isa = PBXGroup;
			children = (
				283A3AE627BE21560094E800 /* Hayuk */,
				283A3AE527BE21560094E800 /* Products */,
			);
			sourceTree = "<group>";
		};
		283A3AE527BE21560094E800 /* Products */ = {
			isa = PBXGroup;
			children = (
				283A3AE427BE21560094E800 /* Hayuk.app */,
			);
			name = Products;
			sourceTree = "<group>";
		};
		283A3AE627BE21560094E800 /* Hayuk */ = {
			isa = PBXGroup;
			children = (
				28D925BB27C1565100AB228C /* Model */,
				283A3AFD27BE22E60094E800 /* Fonts */,
				283A3AFB27BE21BF0094E800 /* Controller */,
				283A3AFC27BE21DE0094E800 /* View */,
				283A3AF027BE215A0094E800 /* Assets.xcassets */,
				283A3AF527BE215A0094E800 /* Info.plist */,
			);
			path = Hayuk;
			sourceTree = "<group>";
		};
		283A3AFB27BE21BF0094E800 /* Controller */ = {
			isa = PBXGroup;
			children = (
				283A3AE727BE21560094E800 /* AppDelegate.swift */,
				283A3AE927BE21560094E800 /* SceneDelegate.swift */,
				283A3AEB27BE21560094E800 /* ViewController.swift */,
				283A3B1227BE47B70094E800 /* ProfileViewController.swift */,
				28D925B727C1497700AB228C /* WorkoutTableViewCell.swift */,
				281252B827C3480C00DEB704 /* DetailViewController.swift */,
			);
			path = Controller;
			sourceTree = "<group>";
		};
		283A3AFC27BE21DE0094E800 /* View */ = {
			isa = PBXGroup;
			children = (
				283A3AED27BE21560094E800 /* Main.storyboard */,
				28D925B827C1497700AB228C /* WorkoutTableViewCell.xib */,
				281252BB27C37A5B00DEB704 /* DetailViewController.xib */,
				283A3AF227BE215A0094E800 /* LaunchScreen.storyboard */,
			);
			path = View;
			sourceTree = "<group>";
		};
		283A3AFD27BE22E60094E800 /* Fonts */ = {
			isa = PBXGroup;
			children = (
				283A3B1827BE8DBF0094E800 /* Manrope-Bold.ttf */,
				283A3B1C27BE8DC00094E800 /* Manrope-ExtraBold.ttf */,
				283A3B1727BE8DBF0094E800 /* Manrope-Medium.ttf */,
				283A3B1627BE8DBF0094E800 /* Manrope-Regular.ttf */,
			);
			path = Fonts;
			sourceTree = "<group>";
		};
		28D925BB27C1565100AB228C /* Model */ = {
			isa = PBXGroup;
			children = (
				28D925BC27C1569600AB228C /* DummyWorkout.swift */,
				28D925BE27C156A700AB228C /* Workout.swift */,
			);
			path = Model;
			sourceTree = "<group>";
		};
/* End PBXGroup section */

/* Begin PBXNativeTarget section */
		283A3AE327BE21560094E800 /* Hayuk */ = {
			isa = PBXNativeTarget;
			buildConfigurationList = 283A3AF827BE215A0094E800 /* Build configuration list for PBXNativeTarget "Hayuk" */;
			buildPhases = (
				283A3AE027BE21560094E800 /* Sources */,
				283A3AE127BE21560094E800 /* Frameworks */,
				283A3AE227BE21560094E800 /* Resources */,
			);
			buildRules = (
			);
			dependencies = (
			);
			name = Hayuk;
			productName = Hayuk;
			productReference = 283A3AE427BE21560094E800 /* Hayuk.app */;
			productType = "com.apple.product-type.application";
		};
/* End PBXNativeTarget section */

/* Begin PBXProject section */
		283A3ADC27BE21560094E800 /* Project object */ = {
			isa = PBXProject;
			attributes = {
				BuildIndependentTargetsInParallel = 1;
				LastSwiftUpdateCheck = 1310;
				LastUpgradeCheck = 1310;
				TargetAttributes = {
					283A3AE327BE21560094E800 = {
						CreatedOnToolsVersion = 13.1;
					};
				};
			};
			buildConfigurationList = 283A3ADF27BE21560094E800 /* Build configuration list for PBXProject "Hayuk" */;
			compatibilityVersion = "Xcode 13.0";
			developmentRegion = en;
			hasScannedForEncodings = 0;
			knownRegions = (
				en,
				Base,
			);
			mainGroup = 283A3ADB27BE21560094E800;
			productRefGroup = 283A3AE527BE21560094E800 /* Products */;
			projectDirPath = "";
			projectRoot = "";
			targets = (
				283A3AE327BE21560094E800 /* Hayuk */,
			);
		};
/* End PBXProject section */

/* Begin PBXResourcesBuildPhase section */
		283A3AE227BE21560094E800 /* Resources */ = {
			isa = PBXResourcesBuildPhase;
			buildActionMask = 2147483647;
			files = (
				283A3B1F27BE8DC00094E800 /* Manrope-Bold.ttf in Resources */,
				283A3B1D27BE8DC00094E800 /* Manrope-Regular.ttf in Resources */,
				28D925BA27C1497800AB228C /* WorkoutTableViewCell.xib in Resources */,
				283A3AF427BE215A0094E800 /* LaunchScreen.storyboard in Resources */,
				281252BD27C37A5B00DEB704 /* DetailViewController.xib in Resources */,
				283A3B1E27BE8DC00094E800 /* Manrope-Medium.ttf in Resources */,
				283A3AF127BE215A0094E800 /* Assets.xcassets in Resources */,
				283A3AEF27BE21560094E800 /* Main.storyboard in Resources */,
				283A3B2327BE8DC00094E800 /* Manrope-ExtraBold.ttf in Resources */,
			);
			runOnlyForDeploymentPostprocessing = 0;
		};
/* End PBXResourcesBuildPhase section */

/* Begin PBXSourcesBuildPhase section */
		283A3AE027BE21560094E800 /* Sources */ = {
			isa = PBXSourcesBuildPhase;
			buildActionMask = 2147483647;
			files = (
				283A3AEC27BE21560094E800 /* ViewController.swift in Sources */,
				283A3AE827BE21560094E800 /* AppDelegate.swift in Sources */,
				28D925BF27C156A700AB228C /* Workout.swift in Sources */,
				283A3B1327BE47B70094E800 /* ProfileViewController.swift in Sources */,
				28D925B927C1497800AB228C /* WorkoutTableViewCell.swift in Sources */,
				28D925BD27C1569600AB228C /* DummyWorkout.swift in Sources */,
				283A3AEA27BE21560094E800 /* SceneDelegate.swift in Sources */,
				281252B927C3480C00DEB704 /* DetailViewController.swift in Sources */,
			);
			runOnlyForDeploymentPostprocessing = 0;
		};
/* End PBXSourcesBuildPhase section */

/* Begin PBXVariantGroup section */
		283A3AED27BE21560094E800 /* Main.storyboard */ = {
			isa = PBXVariantGroup;
			children = (
				283A3AEE27BE21560094E800 /* Base */,
			);
			name = Main.storyboard;
			sourceTree = "<group>";
		};
		283A3AF227BE215A0094E800 /* LaunchScreen.storyboard */ = {
			isa = PBXVariantGroup;
			children = (
				283A3AF327BE215A0094E800 /* Base */,
			);
			name = LaunchScreen.storyboard;
			sourceTree = "<group>";
		};
/* End PBXVariantGroup section */

/* Begin XCBuildConfiguration section */
		283A3AF627BE215A0094E800 /* Debug */ = {
			isa = XCBuildConfiguration;
			buildSettings = {
				ALWAYS_SEARCH_USER_PATHS = NO;
				CLANG_ANALYZER_NONNULL = YES;
				CLANG_ANALYZER_NUMBER_OBJECT_CONVERSION = YES_AGGRESSIVE;
				CLANG_CXX_LANGUAGE_STANDARD = "gnu++17";
				CLANG_CXX_LIBRARY = "libc++";
				CLANG_ENABLE_MODULES = YES;
				CLANG_ENABLE_OBJC_ARC = YES;
				CLANG_ENABLE_OBJC_WEAK = YES;
				CLANG_WARN_BLOCK_CAPTURE_AUTORELEASING = YES;
				CLANG_WARN_BOOL_CONVERSION = YES;
				CLANG_WARN_COMMA = YES;
				CLANG_WARN_CONSTANT_CONVERSION = YES;
				CLANG_WARN_DEPRECATED_OBJC_IMPLEMENTATIONS = YES;
				CLANG_WARN_DIRECT_OBJC_ISA_USAGE = YES_ERROR;
				CLANG_WARN_DOCUMENTATION_COMMENTS = YES;
				CLANG_WARN_EMPTY_BODY = YES;
				CLANG_WARN_ENUM_CONVERSION = YES;
				CLANG_WARN_INFINITE_RECURSION = YES;
				CLANG_WARN_INT_CONVERSION = YES;
				CLANG_WARN_NON_LITERAL_NULL_CONVERSION = YES;
				CLANG_WARN_OBJC_IMPLICIT_RETAIN_SELF = YES;
				CLANG_WARN_OBJC_LITERAL_CONVERSION = YES;
				CLANG_WARN_OBJC_ROOT_CLASS = YES_ERROR;
				CLANG_WARN_QUOTED_INCLUDE_IN_FRAMEWORK_HEADER = YES;
				CLANG_WARN_RANGE_LOOP_ANALYSIS = YES;
				CLANG_WARN_STRICT_PROTOTYPES = YES;
				CLANG_WARN_SUSPICIOUS_MOVE = YES;
				CLANG_WARN_UNGUARDED_AVAILABILITY = YES_AGGRESSIVE;
				CLANG_WARN_UNREACHABLE_CODE = YES;
				CLANG_WARN__DUPLICATE_METHOD_MATCH = YES;
				COPY_PHASE_STRIP = NO;
				DEBUG_INFORMATION_FORMAT = dwarf;
				ENABLE_STRICT_OBJC_MSGSEND = YES;
				ENABLE_TESTABILITY = YES;
				GCC_C_LANGUAGE_STANDARD = gnu11;
				GCC_DYNAMIC_NO_PIC = NO;
				GCC_NO_COMMON_BLOCKS = YES;
				GCC_OPTIMIZATION_LEVEL = 0;
				GCC_PREPROCESSOR_DEFINITIONS = (
					"DEBUG=1",
					"$(inherited)",
				);
				GCC_WARN_64_TO_32_BIT_CONVERSION = YES;
				GCC_WARN_ABOUT_RETURN_TYPE = YES_ERROR;
				GCC_WARN_UNDECLARED_SELECTOR = YES;
				GCC_WARN_UNINITIALIZED_AUTOS = YES_AGGRESSIVE;
				GCC_WARN_UNUSED_FUNCTION = YES;
				GCC_WARN_UNUSED_VARIABLE = YES;
				IPHONEOS_DEPLOYMENT_TARGET = 15.0;
				MTL_ENABLE_DEBUG_INFO = INCLUDE_SOURCE;
				MTL_FAST_MATH = YES;
				ONLY_ACTIVE_ARCH = YES;
				SDKROOT = iphoneos;
				SWIFT_ACTIVE_COMPILATION_CONDITIONS = DEBUG;
				SWIFT_OPTIMIZATION_LEVEL = "-Onone";
			};
			name = Debug;
		};
		283A3AF727BE215A0094E800 /* Release */ = {
			isa = XCBuildConfiguration;
			buildSettings = {
				ALWAYS_SEARCH_USER_PATHS = NO;
				CLANG_ANALYZER_NONNULL = YES;
				CLANG_ANALYZER_NUMBER_OBJECT_CONVERSION = YES_AGGRESSIVE;
				CLANG_CXX_LANGUAGE_STANDARD = "gnu++17";
				CLANG_CXX_LIBRARY = "libc++";
				CLANG_ENABLE_MODULES = YES;
				CLANG_ENABLE_OBJC_ARC = YES;
				CLANG_ENABLE_OBJC_WEAK = YES;
				CLANG_WARN_BLOCK_CAPTURE_AUTORELEASING = YES;
				CLANG_WARN_BOOL_CONVERSION = YES;
				CLANG_WARN_COMMA = YES;
				CLANG_WARN_CONSTANT_CONVERSION = YES;
				CLANG_WARN_DEPRECATED_OBJC_IMPLEMENTATIONS = YES;
				CLANG_WARN_DIRECT_OBJC_ISA_USAGE = YES_ERROR;
				CLANG_WARN_DOCUMENTATION_COMMENTS = YES;
				CLANG_WARN_EMPTY_BODY = YES;
				CLANG_WARN_ENUM_CONVERSION = YES;
				CLANG_WARN_INFINITE_RECURSION = YES;
				CLANG_WARN_INT_CONVERSION = YES;
				CLANG_WARN_NON_LITERAL_NULL_CONVERSION = YES;
				CLANG_WARN_OBJC_IMPLICIT_RETAIN_SELF = YES;
				CLANG_WARN_OBJC_LITERAL_CONVERSION = YES;
				CLANG_WARN_OBJC_ROOT_CLASS = YES_ERROR;
				CLANG_WARN_QUOTED_INCLUDE_IN_FRAMEWORK_HEADER = YES;
				CLANG_WARN_RANGE_LOOP_ANALYSIS = YES;
				CLANG_WARN_STRICT_PROTOTYPES = YES;
				CLANG_WARN_SUSPICIOUS_MOVE = YES;
				CLANG_WARN_UNGUARDED_AVAILABILITY = YES_AGGRESSIVE;
				CLANG_WARN_UNREACHABLE_CODE = YES;
				CLANG_WARN__DUPLICATE_METHOD_MATCH = YES;
				COPY_PHASE_STRIP = NO;
				DEBUG_INFORMATION_FORMAT = "dwarf-with-dsym";
				ENABLE_NS_ASSERTIONS = NO;
				ENABLE_STRICT_OBJC_MSGSEND = YES;
				GCC_C_LANGUAGE_STANDARD = gnu11;
				GCC_NO_COMMON_BLOCKS = YES;
				GCC_WARN_64_TO_32_BIT_CONVERSION = YES;
				GCC_WARN_ABOUT_RETURN_TYPE = YES_ERROR;
				GCC_WARN_UNDECLARED_SELECTOR = YES;
				GCC_WARN_UNINITIALIZED_AUTOS = YES_AGGRESSIVE;
				GCC_WARN_UNUSED_FUNCTION = YES;
				GCC_WARN_UNUSED_VARIABLE = YES;
				IPHONEOS_DEPLOYMENT_TARGET = 15.0;
				MTL_ENABLE_DEBUG_INFO = NO;
				MTL_FAST_MATH = YES;
				SDKROOT = iphoneos;
				SWIFT_COMPILATION_MODE = wholemodule;
				SWIFT_OPTIMIZATION_LEVEL = "-O";
				VALIDATE_PRODUCT = YES;
			};
			name = Release;
		};
		283A3AF927BE215A0094E800 /* Debug */ = {
			isa = XCBuildConfiguration;
			buildSettings = {
				ASSETCATALOG_COMPILER_APPICON_NAME = AppIcon;
				ASSETCATALOG_COMPILER_GLOBAL_ACCENT_COLOR_NAME = AccentColor;
				CODE_SIGN_STYLE = Automatic;
				CURRENT_PROJECT_VERSION = 1;
				DEVELOPMENT_TEAM = QJ4D5LRK3T;
				GENERATE_INFOPLIST_FILE = YES;
				INFOPLIST_FILE = Hayuk/Info.plist;
				INFOPLIST_KEY_UIApplicationSupportsIndirectInputEvents = YES;
				INFOPLIST_KEY_UILaunchStoryboardName = LaunchScreen;
				INFOPLIST_KEY_UIMainStoryboardFile = Main;
				INFOPLIST_KEY_UIRequiresFullScreen = NO;
				INFOPLIST_KEY_UIStatusBarHidden = NO;
				INFOPLIST_KEY_UISupportedInterfaceOrientations = "UIInterfaceOrientationPortrait UIInterfaceOrientationLandscapeLeft UIInterfaceOrientationLandscapeRight";
				INFOPLIST_KEY_UISupportedInterfaceOrientations_iPad = "UIInterfaceOrientationPortrait UIInterfaceOrientationPortraitUpsideDown UIInterfaceOrientationLandscapeLeft UIInterfaceOrientationLandscapeRight";
				INFOPLIST_KEY_UISupportedInterfaceOrientations_iPhone = "UIInterfaceOrientationPortrait UIInterfaceOrientationLandscapeLeft UIInterfaceOrientationLandscapeRight";
				LD_RUNPATH_SEARCH_PATHS = (
					"$(inherited)",
					"@executable_path/Frameworks",
				);
				MARKETING_VERSION = 1.0;
				PRODUCT_BUNDLE_IDENTIFIER = com.dikidwi.Hayuk;
				PRODUCT_NAME = "$(TARGET_NAME)";
				SWIFT_EMIT_LOC_STRINGS = YES;
				SWIFT_VERSION = 5.0;
				TARGETED_DEVICE_FAMILY = "1,2";
			};
			name = Debug;
		};
		283A3AFA27BE215A0094E800 /* Release */ = {
			isa = XCBuildConfiguration;
			buildSettings = {
				ASSETCATALOG_COMPILER_APPICON_NAME = AppIcon;
				ASSETCATALOG_COMPILER_GLOBAL_ACCENT_COLOR_NAME = AccentColor;
				CODE_SIGN_STYLE = Automatic;
				CURRENT_PROJECT_VERSION = 1;
				DEVELOPMENT_TEAM = QJ4D5LRK3T;
				GENERATE_INFOPLIST_FILE = YES;
				INFOPLIST_FILE = Hayuk/Info.plist;
				INFOPLIST_KEY_UIApplicationSupportsIndirectInputEvents = YES;
				INFOPLIST_KEY_UILaunchStoryboardName = LaunchScreen;
				INFOPLIST_KEY_UIMainStoryboardFile = Main;
				INFOPLIST_KEY_UIRequiresFullScreen = NO;
				INFOPLIST_KEY_UIStatusBarHidden = NO;
				INFOPLIST_KEY_UISupportedInterfaceOrientations = "UIInterfaceOrientationPortrait UIInterfaceOrientationLandscapeLeft UIInterfaceOrientationLandscapeRight";
				INFOPLIST_KEY_UISupportedInterfaceOrientations_iPad = "UIInterfaceOrientationPortrait UIInterfaceOrientationPortraitUpsideDown UIInterfaceOrientationLandscapeLeft UIInterfaceOrientationLandscapeRight";
				INFOPLIST_KEY_UISupportedInterfaceOrientations_iPhone = "UIInterfaceOrientationPortrait UIInterfaceOrientationLandscapeLeft UIInterfaceOrientationLandscapeRight";
				LD_RUNPATH_SEARCH_PATHS = (
					"$(inherited)",
					"@executable_path/Frameworks",
				);
				MARKETING_VERSION = 1.0;
				PRODUCT_BUNDLE_IDENTIFIER = com.dikidwi.Hayuk;
				PRODUCT_NAME = "$(TARGET_NAME)";
				SWIFT_EMIT_LOC_STRINGS = YES;
				SWIFT_VERSION = 5.0;
				TARGETED_DEVICE_FAMILY = "1,2";
			};
			name = Release;
		};
/* End XCBuildConfiguration section */

/* Begin XCConfigurationList section */
		283A3ADF27BE21560094E800 /* Build configuration list for PBXProject "Hayuk" */ = {
			isa = XCConfigurationList;
			buildConfigurations = (
				283A3AF627BE215A0094E800 /* Debug */,
				283A3AF727BE215A0094E800 /* Release */,
			);
			defaultConfigurationIsVisible = 0;
			defaultConfigurationName = Release;
		};
		283A3AF827BE215A0094E800 /* Build configuration list for PBXNativeTarget "Hayuk" */ = {
			isa = XCConfigurationList;
			buildConfigurations = (
				283A3AF927BE215A0094E800 /* Debug */,
				283A3AFA27BE215A0094E800 /* Release */,
			);
			defaultConfigurationIsVisible = 0;
			defaultConfigurationName = Release;
		};
/* End XCConfigurationList section */
	};
	rootObject = 283A3ADC27BE21560094E800 /* Project object */;
}
